// !$*UTF8*$!
{
	archiveVersion = 1;
	classes = {
	};
	objectVersion = 46;
	objects = {

/* Begin PBXBuildFile section */
		845C40FB15F808D6004E7859 /* UIKit.framework in Frameworks */ = {isa = PBXBuildFile; fileRef = 845C40FA15F808D6004E7859 /* UIKit.framework */; };
		845C40FD15F808D6004E7859 /* Foundation.framework in Frameworks */ = {isa = PBXBuildFile; fileRef = 845C40FC15F808D6004E7859 /* Foundation.framework */; };
		845C40FF15F808D6004E7859 /* CoreGraphics.framework in Frameworks */ = {isa = PBXBuildFile; fileRef = 845C40FE15F808D6004E7859 /* CoreGraphics.framework */; };
		845C410515F808D6004E7859 /* InfoPlist.strings in Resources */ = {isa = PBXBuildFile; fileRef = 845C410315F808D6004E7859 /* InfoPlist.strings */; };
		845C410715F808D6004E7859 /* main.m in Sources */ = {isa = PBXBuildFile; fileRef = 845C410615F808D6004E7859 /* main.m */; };
		845C410B15F808D6004E7859 /* AppDelegate.m in Sources */ = {isa = PBXBuildFile; fileRef = 845C410A15F808D6004E7859 /* AppDelegate.m */; };
		845C411215F808E4004E7859 /* QuartzCore.framework in Frameworks */ = {isa = PBXBuildFile; fileRef = 845C411115F808E4004E7859 /* QuartzCore.framework */; };
		845C411515F80993004E7859 /* Block.m in Sources */ = {isa = PBXBuildFile; fileRef = 845C411415F80993004E7859 /* Block.m */; };
		845C411B15F80AFD004E7859 /* GameView.m in Sources */ = {isa = PBXBuildFile; fileRef = 845C411A15F80AFD004E7859 /* GameView.m */; };
		845C412515F81EFF004E7859 /* readme.md in Resources */ = {isa = PBXBuildFile; fileRef = 845C412415F81EFF004E7859 /* readme.md */; };
		845C412815F82979004E7859 /* Game.m in Sources */ = {isa = PBXBuildFile; fileRef = 845C412715F82979004E7859 /* Game.m */; };
		845C412B15F82F52004E7859 /* GameViewController.m in Sources */ = {isa = PBXBuildFile; fileRef = 845C412A15F82F52004E7859 /* GameViewController.m */; };
		9A7E4EF115F9622E00EB585E /* diana-zmuda.jpg in Resources */ = {isa = PBXBuildFile; fileRef = 9A7E4EED15F9622E00EB585E /* diana-zmuda.jpg */; };
		9A7E4EF215F9622E00EB585E /* jonathan-nieder.jpg in Resources */ = {isa = PBXBuildFile; fileRef = 9A7E4EEE15F9622E00EB585E /* jonathan-nieder.jpg */; };
		9A7E4EF315F9622E00EB585E /* ned-ruggeri.jpg in Resources */ = {isa = PBXBuildFile; fileRef = 9A7E4EEF15F9622E00EB585E /* ned-ruggeri.jpg */; };
		9A7E4EF415F9622E00EB585E /* kush-patel.jpg in Resources */ = {isa = PBXBuildFile; fileRef = 9A7E4EF015F9622E00EB585E /* kush-patel.jpg */; };
/* End PBXBuildFile section */

/* Begin PBXFileReference section */
		845C40F615F808D6004E7859 /* ColorBlocks.app */ = {isa = PBXFileReference; explicitFileType = wrapper.application; includeInIndex = 0; path = ColorBlocks.app; sourceTree = BUILT_PRODUCTS_DIR; };
		845C40FA15F808D6004E7859 /* UIKit.framework */ = {isa = PBXFileReference; lastKnownFileType = wrapper.framework; name = UIKit.framework; path = System/Library/Frameworks/UIKit.framework; sourceTree = SDKROOT; };
		845C40FC15F808D6004E7859 /* Foundation.framework */ = {isa = PBXFileReference; lastKnownFileType = wrapper.framework; name = Foundation.framework; path = System/Library/Frameworks/Foundation.framework; sourceTree = SDKROOT; };
		845C40FE15F808D6004E7859 /* CoreGraphics.framework */ = {isa = PBXFileReference; lastKnownFileType = wrapper.framework; name = CoreGraphics.framework; path = System/Library/Frameworks/CoreGraphics.framework; sourceTree = SDKROOT; };
		845C410215F808D6004E7859 /* ColorBlocks-Info.plist */ = {isa = PBXFileReference; lastKnownFileType = text.plist.xml; path = "ColorBlocks-Info.plist"; sourceTree = "<group>"; };
		845C410415F808D6004E7859 /* en */ = {isa = PBXFileReference; lastKnownFileType = text.plist.strings; name = en; path = en.lproj/InfoPlist.strings; sourceTree = "<group>"; };
		845C410615F808D6004E7859 /* main.m */ = {isa = PBXFileReference; lastKnownFileType = sourcecode.c.objc; path = main.m; sourceTree = "<group>"; };
		845C410815F808D6004E7859 /* ColorBlocks-Prefix.pch */ = {isa = PBXFileReference; lastKnownFileType = sourcecode.c.h; path = "ColorBlocks-Prefix.pch"; sourceTree = "<group>"; };
		845C410915F808D6004E7859 /* AppDelegate.h */ = {isa = PBXFileReference; lastKnownFileType = sourcecode.c.h; path = AppDelegate.h; sourceTree = "<group>"; };
		845C410A15F808D6004E7859 /* AppDelegate.m */ = {isa = PBXFileReference; lastKnownFileType = sourcecode.c.objc; path = AppDelegate.m; sourceTree = "<group>"; };
		845C411115F808E4004E7859 /* QuartzCore.framework */ = {isa = PBXFileReference; lastKnownFileType = wrapper.framework; name = QuartzCore.framework; path = System/Library/Frameworks/QuartzCore.framework; sourceTree = SDKROOT; };
		845C411315F80993004E7859 /* Block.h */ = {isa = PBXFileReference; fileEncoding = 4; lastKnownFileType = sourcecode.c.h; name = Block.h; path = ColorBlocks/Block.h; sourceTree = "<group>"; };
		845C411415F80993004E7859 /* Block.m */ = {isa = PBXFileReference; fileEncoding = 4; lastKnownFileType = sourcecode.c.objc; name = Block.m; path = ColorBlocks/Block.m; sourceTree = "<group>"; };
		845C411915F80AFD004E7859 /* GameView.h */ = {isa = PBXFileReference; fileEncoding = 4; lastKnownFileType = sourcecode.c.h; path = GameView.h; sourceTree = "<group>"; };
		845C411A15F80AFD004E7859 /* GameView.m */ = {isa = PBXFileReference; fileEncoding = 4; lastKnownFileType = sourcecode.c.objc; path = GameView.m; sourceTree = "<group>"; };
		845C412415F81EFF004E7859 /* readme.md */ = {isa = PBXFileReference; fileEncoding = 4; lastKnownFileType = text; path = readme.md; sourceTree = "<group>"; };
		845C412615F82979004E7859 /* Game.h */ = {isa = PBXFileReference; fileEncoding = 4; lastKnownFileType = sourcecode.c.h; name = Game.h; path = ColorBlocks/Game.h; sourceTree = "<group>"; };
		845C412715F82979004E7859 /* Game.m */ = {isa = PBXFileReference; fileEncoding = 4; lastKnownFileType = sourcecode.c.objc; name = Game.m; path = ColorBlocks/Game.m; sourceTree = "<group>"; };
		845C412915F82F52004E7859 /* GameViewController.h */ = {isa = PBXFileReference; fileEncoding = 4; lastKnownFileType = sourcecode.c.h; path = GameViewController.h; sourceTree = "<group>"; };
		845C412A15F82F52004E7859 /* GameViewController.m */ = {isa = PBXFileReference; fileEncoding = 4; lastKnownFileType = sourcecode.c.objc; path = GameViewController.m; sourceTree = "<group>"; };
		9A7E4EED15F9622E00EB585E /* diana-zmuda.jpg */ = {isa = PBXFileReference; lastKnownFileType = image.jpeg; path = "diana-zmuda.jpg"; sourceTree = "<group>"; };
		9A7E4EEE15F9622E00EB585E /* jonathan-nieder.jpg */ = {isa = PBXFileReference; lastKnownFileType = image.jpeg; path = "jonathan-nieder.jpg"; sourceTree = "<group>"; };
		9A7E4EEF15F9622E00EB585E /* ned-ruggeri.jpg */ = {isa = PBXFileReference; lastKnownFileType = image.jpeg; path = "ned-ruggeri.jpg"; sourceTree = "<group>"; };
		9A7E4EF015F9622E00EB585E /* kush-patel.jpg */ = {isa = PBXFileReference; lastKnownFileType = image.jpeg; path = "kush-patel.jpg"; sourceTree = "<group>"; };
/* End PBXFileReference section */

/* Begin PBXFrameworksBuildPhase section */
		845C40F315F808D6004E7859 /* Frameworks */ = {
			isa = PBXFrameworksBuildPhase;
			buildActionMask = 2147483647;
			files = (
				845C411215F808E4004E7859 /* QuartzCore.framework in Frameworks */,
				845C40FB15F808D6004E7859 /* UIKit.framework in Frameworks */,
				845C40FD15F808D6004E7859 /* Foundation.framework in Frameworks */,
				845C40FF15F808D6004E7859 /* CoreGraphics.framework in Frameworks */,
			);
			runOnlyForDeploymentPostprocessing = 0;
		};
/* End PBXFrameworksBuildPhase section */

/* Begin PBXGroup section */
		845C40EB15F808D6004E7859 = {
			isa = PBXGroup;
			children = (
				9A7E4EF515F9623700EB585E /* Pictures */,
				9AE78E0515F9200900C96A88 /* Controllers */,
				9AE78E0215F91FE700C96A88 /* Models */,
				9AE78E0415F91FF700C96A88 /* Views */,
				845C410015F808D6004E7859 /* ColorBlocks */,
				845C40F915F808D6004E7859 /* Frameworks */,
				845C40F715F808D6004E7859 /* Products */,
			);
			sourceTree = "<group>";
		};
		845C40F715F808D6004E7859 /* Products */ = {
			isa = PBXGroup;
			children = (
				845C40F615F808D6004E7859 /* ColorBlocks.app */,
			);
			name = Products;
			sourceTree = "<group>";
		};
		845C40F915F808D6004E7859 /* Frameworks */ = {
			isa = PBXGroup;
			children = (
				845C411115F808E4004E7859 /* QuartzCore.framework */,
				845C40FA15F808D6004E7859 /* UIKit.framework */,
				845C40FC15F808D6004E7859 /* Foundation.framework */,
				845C40FE15F808D6004E7859 /* CoreGraphics.framework */,
			);
			name = Frameworks;
			sourceTree = "<group>";
		};
		845C410015F808D6004E7859 /* ColorBlocks */ = {
			isa = PBXGroup;
			children = (
				845C410915F808D6004E7859 /* AppDelegate.h */,
				845C410A15F808D6004E7859 /* AppDelegate.m */,
				845C410115F808D6004E7859 /* Supporting Files */,
				845C412415F81EFF004E7859 /* readme.md */,
			);
			path = ColorBlocks;
			sourceTree = "<group>";
		};
		845C410115F808D6004E7859 /* Supporting Files */ = {
			isa = PBXGroup;
			children = (
				845C410215F808D6004E7859 /* ColorBlocks-Info.plist */,
				845C410315F808D6004E7859 /* InfoPlist.strings */,
				845C410615F808D6004E7859 /* main.m */,
				845C410815F808D6004E7859 /* ColorBlocks-Prefix.pch */,
			);
			name = "Supporting Files";
			sourceTree = "<group>";
		};
		9A7E4EF515F9623700EB585E /* Pictures */ = {
			isa = PBXGroup;
			children = (
				9A7E4EED15F9622E00EB585E /* diana-zmuda.jpg */,
				9A7E4EEE15F9622E00EB585E /* jonathan-nieder.jpg */,
				9A7E4EEF15F9622E00EB585E /* ned-ruggeri.jpg */,
				9A7E4EF015F9622E00EB585E /* kush-patel.jpg */,
			);
			name = Pictures;
			sourceTree = "<group>";
		};
		9AE78E0215F91FE700C96A88 /* Models */ = {
			isa = PBXGroup;
			children = (
				845C411315F80993004E7859 /* Block.h */,
				845C411415F80993004E7859 /* Block.m */,
				845C412615F82979004E7859 /* Game.h */,
				845C412715F82979004E7859 /* Game.m */,
			);
			name = Models;
			sourceTree = "<group>";
		};
		9AE78E0415F91FF700C96A88 /* Views */ = {
			isa = PBXGroup;
			children = (
				845C411915F80AFD004E7859 /* GameView.h */,
				845C411A15F80AFD004E7859 /* GameView.m */,
			);
			name = Views;
			path = ColorBlocks;
			sourceTree = "<group>";
		};
		9AE78E0515F9200900C96A88 /* Controllers */ = {
			isa = PBXGroup;
			children = (
				845C412915F82F52004E7859 /* GameViewController.h */,
				845C412A15F82F52004E7859 /* GameViewController.m */,
			);
			name = Controllers;
			path = ColorBlocks;
			sourceTree = "<group>";
		};
/* End PBXGroup section */

/* Begin PBXNativeTarget section */
		845C40F515F808D6004E7859 /* ColorBlocks */ = {
			isa = PBXNativeTarget;
			buildConfigurationList = 845C410E15F808D6004E7859 /* Build configuration list for PBXNativeTarget "ColorBlocks" */;
			buildPhases = (
				845C40F215F808D6004E7859 /* Sources */,
				845C40F315F808D6004E7859 /* Frameworks */,
				845C40F415F808D6004E7859 /* Resources */,
			);
			buildRules = (
			);
			dependencies = (
			);
			name = ColorBlocks;
			productName = ColorBlocks;
			productReference = 845C40F615F808D6004E7859 /* ColorBlocks.app */;
			productType = "com.apple.product-type.application";
		};
/* End PBXNativeTarget section */

/* Begin PBXProject section */
		845C40ED15F808D6004E7859 /* Project object */ = {
			isa = PBXProject;
			attributes = {
				LastUpgradeCheck = 0440;
				ORGANIZATIONNAME = "Diana Zmuda";
			};
			buildConfigurationList = 845C40F015F808D6004E7859 /* Build configuration list for PBXProject "ColorBlocks" */;
			compatibilityVersion = "Xcode 3.2";
			developmentRegion = English;
			hasScannedForEncodings = 0;
			knownRegions = (
				en,
			);
			mainGroup = 845C40EB15F808D6004E7859;
			productRefGroup = 845C40F715F808D6004E7859 /* Products */;
			projectDirPath = "";
			projectRoot = "";
			targets = (
				845C40F515F808D6004E7859 /* ColorBlocks */,
			);
		};
/* End PBXProject section */

/* Begin PBXResourcesBuildPhase section */
		845C40F415F808D6004E7859 /* Resources */ = {
			isa = PBXResourcesBuildPhase;
			buildActionMask = 2147483647;
			files = (
				845C410515F808D6004E7859 /* InfoPlist.strings in Resources */,
				845C412515F81EFF004E7859 /* readme.md in Resources */,
				9A7E4EF115F9622E00EB585E /* diana-zmuda.jpg in Resources */,
				9A7E4EF215F9622E00EB585E /* jonathan-nieder.jpg in Resources */,
				9A7E4EF315F9622E00EB585E /* ned-ruggeri.jpg in Resources */,
				9A7E4EF415F9622E00EB585E /* kush-patel.jpg in Resources */,
			);
			runOnlyForDeploymentPostprocessing = 0;
		};
/* End PBXResourcesBuildPhase section */

/* Begin PBXSourcesBuildPhase section */
		845C40F215F808D6004E7859 /* Sources */ = {
			isa = PBXSourcesBuildPhase;
			buildActionMask = 2147483647;
			files = (
				845C410715F808D6004E7859 /* main.m in Sources */,
				845C410B15F808D6004E7859 /* AppDelegate.m in Sources */,
				845C411515F80993004E7859 /* Block.m in Sources */,
				845C411B15F80AFD004E7859 /* GameView.m in Sources */,
				845C412815F82979004E7859 /* Game.m in Sources */,
				845C412B15F82F52004E7859 /* GameViewController.m in Sources */,
			);
			runOnlyForDeploymentPostprocessing = 0;
		};
/* End PBXSourcesBuildPhase section */

/* Begin PBXVariantGroup section */
		845C410315F808D6004E7859 /* InfoPlist.strings */ = {
			isa = PBXVariantGroup;
			children = (
				845C410415F808D6004E7859 /* en */,
			);
			name = InfoPlist.strings;
			sourceTree = "<group>";
		};
/* End PBXVariantGroup section */

/* Begin XCBuildConfiguration section */
		845C410C15F808D6004E7859 /* Debug */ = {
			isa = XCBuildConfiguration;
			buildSettings = {
				ALWAYS_SEARCH_USER_PATHS = NO;
				ARCHS = "$(ARCHS_STANDARD_32_BIT)";
				CLANG_CXX_LANGUAGE_STANDARD = "gnu++0x";
				CLANG_ENABLE_OBJC_ARC = YES;
				CLANG_WARN__DUPLICATE_METHOD_MATCH = YES;
				"CODE_SIGN_IDENTITY[sdk=iphoneos*]" = "iPhone Developer";
				COPY_PHASE_STRIP = NO;
				GCC_C_LANGUAGE_STANDARD = gnu99;
				GCC_DYNAMIC_NO_PIC = NO;
				GCC_OPTIMIZATION_LEVEL = 0;
				GCC_PREPROCESSOR_DEFINITIONS = (
					"DEBUG=1",
					"$(inherited)",
				);
				GCC_SYMBOLS_PRIVATE_EXTERN = NO;
				GCC_VERSION = com.apple.compilers.llvm.clang.1_0;
				GCC_WARN_ABOUT_RETURN_TYPE = YES;
				GCC_WARN_UNINITIALIZED_AUTOS = YES;
				GCC_WARN_UNUSED_VARIABLE = YES;
				IPHONEOS_DEPLOYMENT_TARGET = 5.1;
				SDKROOT = iphoneos;
			};
			name = Debug;
		};
		845C410D15F808D6004E7859 /* Release */ = {
			isa = XCBuildConfiguration;
			buildSettings = {
				ALWAYS_SEARCH_USER_PATHS = NO;
				ARCHS = "$(ARCHS_STANDARD_32_BIT)";
				CLANG_CXX_LANGUAGE_STANDARD = "gnu++0x";
				CLANG_ENABLE_OBJC_ARC = YES;
				CLANG_WARN__DUPLICATE_METHOD_MATCH = YES;
				"CODE_SIGN_IDENTITY[sdk=iphoneos*]" = "iPhone Developer";
				COPY_PHASE_STRIP = YES;
				GCC_C_LANGUAGE_STANDARD = gnu99;
				GCC_VERSION = com.apple.compilers.llvm.clang.1_0;
				GCC_WARN_ABOUT_RETURN_TYPE = YES;
				GCC_WARN_UNINITIALIZED_AUTOS = YES;
				GCC_WARN_UNUSED_VARIABLE = YES;
				IPHONEOS_DEPLOYMENT_TARGET = 5.1;
				OTHER_CFLAGS = "-DNS_BLOCK_ASSERTIONS=1";
				SDKROOT = iphoneos;
				VALIDATE_PRODUCT = YES;
			};
			name = Release;
		};
		845C410F15F808D6004E7859 /* Debug */ = {
			isa = XCBuildConfiguration;
			buildSettings = {
				GCC_PRECOMPILE_PREFIX_HEADER = YES;
				GCC_PREFIX_HEADER = "ColorBlocks/ColorBlocks-Prefix.pch";
				INFOPLIST_FILE = "ColorBlocks/ColorBlocks-Info.plist";
				PRODUCT_NAME = "$(TARGET_NAME)";
				WRAPPER_EXTENSION = app;
			};
			name = Debug;
		};
		845C411015F808D6004E7859 /* Release */ = {
			isa = XCBuildConfiguration;
			buildSettings = {
				GCC_PRECOMPILE_PREFIX_HEADER = YES;
				GCC_PREFIX_HEADER = "ColorBlocks/ColorBlocks-Prefix.pch";
				INFOPLIST_FILE = "ColorBlocks/ColorBlocks-Info.plist";
				PRODUCT_NAME = "$(TARGET_NAME)";
				WRAPPER_EXTENSION = app;
			};
			name = Release;
		};
/* End XCBuildConfiguration section */

/* Begin XCConfigurationList section */
		845C40F015F808D6004E7859 /* Build configuration list for PBXProject "ColorBlocks" */ = {
			isa = XCConfigurationList;
			buildConfigurations = (
				845C410C15F808D6004E7859 /* Debug */,
				845C410D15F808D6004E7859 /* Release */,
			);
			defaultConfigurationIsVisible = 0;
			defaultConfigurationName = Release;
		};
		845C410E15F808D6004E7859 /* Build configuration list for PBXNativeTarget "ColorBlocks" */ = {
			isa = XCConfigurationList;
			buildConfigurations = (
				845C410F15F808D6004E7859 /* Debug */,
				845C411015F808D6004E7859 /* Release */,
			);
			defaultConfigurationIsVisible = 0;
			defaultConfigurationName = Release;
		};
/* End XCConfigurationList section */
	};
	rootObject = 845C40ED15F808D6004E7859 /* Project object */;
}
